
Microsoft Visual Studio Solution File, Format Version 12.00
# Visual Studio 15
VisualStudioVersion = 15.0.27004.2009
MinimumVisualStudioVersion = 10.0.40219.1
Project("{FAE04EC0-301F-11D3-BF4B-00C04F79EFBC}") = "GenericDelegate", "GenericDelegate\GenericDelegate.csproj", "{3BF73111-FC0B-4354-9A99-C346BD14C7D0}"
EndProject
Global
	GlobalSection(SolutionConfigurationPlatforms) = preSolution
		Debug|Any CPU = Debug|Any CPU
		Release|Any CPU = Release|Any CPU
	EndGlobalSection
	GlobalSection(ProjectConfigurationPlatforms) = postSolution
		{3BF73111-FC0B-4354-9A99-C346BD14C7D0}.Debug|Any CPU.ActiveCfg = Debug|Any CPU
		{3BF73111-FC0B-4354-9A99-C346BD14C7D0}.Debug|Any CPU.Build.0 = Debug|Any CPU
		{3BF73111-FC0B-4354-9A99-C346BD14C7D0}.Release|Any CPU.ActiveCfg = Release|Any CPU
		{3BF73111-FC0B-4354-9A99-C346BD14C7D0}.Release|Any CPU.Build.0 = Release|Any CPU
	EndGlobalSection
	GlobalSection(SolutionProperties) = preSolution
		HideSolutionNode = FALSE
	EndGlobalSection
	GlobalSection(ExtensibilityGlobals) = postSolution
		SolutionGuid = {053587C9-51AA-471A-887F-88658F54AB67}
	EndGlobalSection
EndGlobal
